
Microsoft Visual Studio Solution File, Format Version 12.00
# Blend for Visual Studio 14
VisualStudioVersion = 14.0.24720.0
MinimumVisualStudioVersion = 10.0.40219.1
Project("{F184B08F-C81C-45F6-A57F-5ABD9991F28F}") = "PanduitDashBoard", "PanduitDashBoard\PanduitDashBoard.vbproj", "{BBBF7B4B-AE06-4A29-BC85-88EB67F1C1D9}"
EndProject
Global
	GlobalSection(SolutionConfigurationPlatforms) = preSolution
		Debug|Any CPU = Debug|Any CPU
		Debug|x64 = Debug|x64
		MyCompile|Any CPU = MyCompile|Any CPU
		MyCompile|x64 = MyCompile|x64
		Release|Any CPU = Release|Any CPU
		Release|x64 = Release|x64
	EndGlobalSection
	GlobalSection(ProjectConfigurationPlatforms) = postSolution
		{BBBF7B4B-AE06-4A29-BC85-88EB67F1C1D9}.Debug|Any CPU.ActiveCfg = Debug|Any CPU
		{BBBF7B4B-AE06-4A29-BC85-88EB67F1C1D9}.Debug|Any CPU.Build.0 = Debug|Any CPU
		{BBBF7B4B-AE06-4A29-BC85-88EB67F1C1D9}.Debug|x64.ActiveCfg = Debug|x64
		{BBBF7B4B-AE06-4A29-BC85-88EB67F1C1D9}.Debug|x64.Build.0 = Debug|x64
		{BBBF7B4B-AE06-4A29-BC85-88EB67F1C1D9}.MyCompile|Any CPU.ActiveCfg = MyCompile|Any CPU
		{BBBF7B4B-AE06-4A29-BC85-88EB67F1C1D9}.MyCompile|Any CPU.Build.0 = MyCompile|Any CPU
		{BBBF7B4B-AE06-4A29-BC85-88EB67F1C1D9}.MyCompile|Any CPU.Deploy.0 = MyCompile|Any CPU
		{BBBF7B4B-AE06-4A29-BC85-88EB67F1C1D9}.MyCompile|x64.ActiveCfg = MyCompile|Any CPU
		{BBBF7B4B-AE06-4A29-BC85-88EB67F1C1D9}.MyCompile|x64.Build.0 = MyCompile|Any CPU
		{BBBF7B4B-AE06-4A29-BC85-88EB67F1C1D9}.Release|Any CPU.ActiveCfg = Release|Any CPU
		{BBBF7B4B-AE06-4A29-BC85-88EB67F1C1D9}.Release|Any CPU.Build.0 = Release|Any CPU
		{BBBF7B4B-AE06-4A29-BC85-88EB67F1C1D9}.Release|x64.ActiveCfg = Release|x64
		{BBBF7B4B-AE06-4A29-BC85-88EB67F1C1D9}.Release|x64.Build.0 = Release|x64
	EndGlobalSection
	GlobalSection(SolutionProperties) = preSolution
		HideSolutionNode = FALSE
	EndGlobalSection
EndGlobal
